Microsoft Visual Studio Solution File, Format Version 12.00
# Visual Studio Version 17
VisualStudioVersion = 17.10.35013.160
MinimumVisualStudioVersion = 10.0.40219.1
Project("{9A19103F-16F7-4668-BE54-9A1E7A4F7556}") = "NSubstitute.Verify.That", "NSubstitute.Verify.That\NSubstitute.Verify.That.csproj", "{782ECB65-9E4F-4150-AC37-A6FC308ABB13}"
EndProject
Project("{9A19103F-16F7-4668-BE54-9A1E7A4F7556}") = "Tests", "Tests\Tests.csproj", "{7076A58C-368A-4568-9714-E34F953E819E}"
EndProject
Project("{2150E333-8FDC-42A3-9474-1A3956D46DE8}") = "Solution Items", "Solution Items", "{3BBE8BD6-2901-4A53-A002-FA6FA1BD5016}"
	ProjectSection(SolutionItems) = preProject
		Directory.Build.props = Directory.Build.props
		Directory.Packages.props = Directory.Packages.props
	EndProjectSection
EndProject
Global
	GlobalSection(SolutionConfigurationPlatforms) = preSolution
		Debug|Any CPU = Debug|Any CPU
		Release|Any CPU = Release|Any CPU
	EndGlobalSection
	GlobalSection(ProjectConfigurationPlatforms) = postSolution
		{782ECB65-9E4F-4150-AC37-A6FC308ABB13}.Debug|Any CPU.ActiveCfg = Debug|Any CPU
		{782ECB65-9E4F-4150-AC37-A6FC308ABB13}.Debug|Any CPU.Build.0 = Debug|Any CPU
		{782ECB65-9E4F-4150-AC37-A6FC308ABB13}.Release|Any CPU.ActiveCfg = Release|Any CPU
		{782ECB65-9E4F-4150-AC37-A6FC308ABB13}.Release|Any CPU.Build.0 = Release|Any CPU
		{7076A58C-368A-4568-9714-E34F953E819E}.Debug|Any CPU.ActiveCfg = Debug|Any CPU
		{7076A58C-368A-4568-9714-E34F953E819E}.Debug|Any CPU.Build.0 = Debug|Any CPU
		{7076A58C-368A-4568-9714-E34F953E819E}.Release|Any CPU.ActiveCfg = Release|Any CPU
		{7076A58C-368A-4568-9714-E34F953E819E}.Release|Any CPU.Build.0 = Release|Any CPU
	EndGlobalSection
	GlobalSection(SolutionProperties) = preSolution
		HideSolutionNode = FALSE
	EndGlobalSection
	GlobalSection(ExtensibilityGlobals) = postSolution
		SolutionGuid = {F2C87A4D-428D-4D80-81B1-A97FEE76AD64}
	EndGlobalSection
EndGlobal
